
Microsoft Visual Studio Solution File, Format Version 12.00
# Visual Studio Version 16
VisualStudioVersion = 16.0.30320.27
MinimumVisualStudioVersion = 10.0.40219.1
Project("{FAE04EC0-301F-11D3-BF4B-00C04F79EFBC}") = "cafesys", "cafesys\cafesys.csproj", "{AE16F5E4-D9A7-4590-8E5D-4638E67F07D6}"
EndProject
Project("{FAE04EC0-301F-11D3-BF4B-00C04F79EFBC}") = "cafesys.Tests", "cafesys.Tests\cafesys.Tests.csproj", "{3A0F3F0B-55E5-440B-82BD-CE47737BB862}"
EndProject
Global
	GlobalSection(SolutionConfigurationPlatforms) = preSolution
		Debug|Any CPU = Debug|Any CPU
		Release|Any CPU = Release|Any CPU
	EndGlobalSection
	GlobalSection(ProjectConfigurationPlatforms) = postSolution
		{AE16F5E4-D9A7-4590-8E5D-4638E67F07D6}.Debug|Any CPU.ActiveCfg = Debug|Any CPU
		{AE16F5E4-D9A7-4590-8E5D-4638E67F07D6}.Debug|Any CPU.Build.0 = Debug|Any CPU
		{AE16F5E4-D9A7-4590-8E5D-4638E67F07D6}.Release|Any CPU.ActiveCfg = Release|Any CPU
		{AE16F5E4-D9A7-4590-8E5D-4638E67F07D6}.Release|Any CPU.Build.0 = Release|Any CPU
		{3A0F3F0B-55E5-440B-82BD-CE47737BB862}.Debug|Any CPU.ActiveCfg = Debug|Any CPU
		{3A0F3F0B-55E5-440B-82BD-CE47737BB862}.Debug|Any CPU.Build.0 = Debug|Any CPU
		{3A0F3F0B-55E5-440B-82BD-CE47737BB862}.Release|Any CPU.ActiveCfg = Release|Any CPU
		{3A0F3F0B-55E5-440B-82BD-CE47737BB862}.Release|Any CPU.Build.0 = Release|Any CPU
	EndGlobalSection
	GlobalSection(SolutionProperties) = preSolution
		HideSolutionNode = FALSE
	EndGlobalSection
	GlobalSection(ExtensibilityGlobals) = postSolution
		SolutionGuid = {E66251A0-29C8-4916-A262-C4A3C4C503A1}
	EndGlobalSection
EndGlobal
